{
  "version": 4,
  "terraform_version": "1.5.5",
  "serial": 57,
  "lineage": "2c22507f-890e-196b-7a54-4466358b6406",
  "outputs": {
    "lb-node-ips": {
      "value": {
        "fqdn": "arextf-lb-node.mdbrecruit.net",
        "private": "192.168.0.6",
        "public": "3.250.206.208"
      },
      "type": [
        "object",
        {
          "fqdn": "string",
          "private": "string",
          "public": "string"
        }
      ]
    },
    "om-node-ips": {
      "value": {
        "fqdn": [
          "arextf-om-node-0.mdbrecruit.net",
          "arextf-om-node-1.mdbrecruit.net",
          "arextf-om-node-2.mdbrecruit.net"
        ],
        "private": [
          "192.168.0.11",
          "192.168.0.24",
          "192.168.0.37"
        ],
        "public": [
          "54.75.49.18",
          "34.242.180.139",
          "34.253.24.225"
        ]
      },
      "type": [
        "object",
        {
          "fqdn": [
            "tuple",
            [
              "string",
              "string",
              "string"
            ]
          ],
          "private": [
            "tuple",
            [
              "string",
              "string",
              "string"
            ]
          ],
          "public": [
            "tuple",
            [
              "string",
              "string",
              "string"
            ]
          ]
        }
      ]
    }
  },
  "resources": [
    {
      "mode": "data",
      "type": "aws_ami",
      "name": "om-ami",
      "provider": "provider[\"registry.terraform.io/hashicorp/aws\"].provider",
      "instances": [
        {
          "schema_version": 0,
          "attributes": {
            "architecture": "x86_64",
            "arn": "arn:aws:ec2:eu-west-1::image/ami-0136ddddd07f0584f",
            "block_device_mappings": [
              {
                "device_name": "/dev/sda1",
                "ebs": {
                  "delete_on_termination": "true",
                  "encrypted": "false",
                  "iops": "0",
                  "snapshot_id": "snap-02b489bf11fab9f98",
                  "throughput": "0",
                  "volume_size": "8",
                  "volume_type": "gp2"
                },
                "no_device": "",
                "virtual_name": ""
              },
              {
                "device_name": "/dev/sdb",
                "ebs": {},
                "no_device": "",
                "virtual_name": "ephemeral0"
              },
              {
                "device_name": "/dev/sdc",
                "ebs": {},
                "no_device": "",
                "virtual_name": "ephemeral1"
              }
            ],
            "boot_mode": "legacy-bios",
            "creation_date": "2023-05-17T23:59:35.000Z",
            "deprecation_time": "2025-05-17T23:59:35.000Z",
            "description": "Canonical, Ubuntu, 20.04 LTS, amd64 focal image build on 2023-05-17",
            "ena_support": true,
            "executable_users": null,
            "filter": [
              {
                "name": "image-id",
                "values": [
                  "ami-0136ddddd07f0584f"
                ]
              }
            ],
            "hypervisor": "xen",
            "id": "ami-0136ddddd07f0584f",
            "image_id": "ami-0136ddddd07f0584f",
            "image_location": "amazon/ubuntu/images/hvm-ssd/ubuntu-focal-20.04-amd64-server-20230517",
            "image_owner_alias": "amazon",
            "image_type": "machine",
            "imds_support": "",
            "include_deprecated": false,
            "kernel_id": "",
            "most_recent": false,
            "name": "ubuntu/images/hvm-ssd/ubuntu-focal-20.04-amd64-server-20230517",
            "name_regex": null,
            "owner_id": "099720109477",
            "owners": null,
            "platform": "",
            "platform_details": "Linux/UNIX",
            "product_codes": [],
            "public": true,
            "ramdisk_id": "",
            "root_device_name": "/dev/sda1",
            "root_device_type": "ebs",
            "root_snapshot_id": "snap-02b489bf11fab9f98",
            "sriov_net_support": "simple",
            "state": "available",
            "state_reason": {
              "code": "UNSET",
              "message": "UNSET"
            },
            "tags": {},
            "timeouts": null,
            "tpm_support": "",
            "usage_operation": "RunInstances",
            "virtualization_type": "hvm"
          },
          "sensitive_attributes": []
        }
      ]
    },
    {
      "mode": "data",
      "type": "aws_availability_zones",
      "name": "om-vpc-azs",
      "provider": "provider[\"registry.terraform.io/hashicorp/aws\"].provider",
      "instances": [
        {
          "schema_version": 0,
          "attributes": {
            "all_availability_zones": null,
            "exclude_names": null,
            "exclude_zone_ids": null,
            "filter": null,
            "group_names": [
              "eu-west-1"
            ],
            "id": "eu-west-1",
            "names": [
              "eu-west-1a",
              "eu-west-1b",
              "eu-west-1c"
            ],
            "state": "available",
            "timeouts": null,
            "zone_ids": [
              "euw1-az2",
              "euw1-az3",
              "euw1-az1"
            ]
          },
          "sensitive_attributes": []
        }
      ]
    },
    {
      "mode": "data",
      "type": "aws_key_pair",
      "name": "om-key-pair",
      "provider": "provider[\"registry.terraform.io/hashicorp/aws\"].provider",
      "instances": [
        {
          "schema_version": 0,
          "attributes": {
            "arn": "arn:aws:ec2:eu-west-1:331472312345:key-pair/aravind",
            "create_time": "2023-08-16T12:07:50Z",
            "filter": null,
            "fingerprint": "7f:42:2d:b2:55:e4:0e:56:67:95:a0:da:aa:2e:ff:0f:18:e5:bd:e2",
            "id": "key-06dc0d1eb282ec085",
            "include_public_key": true,
            "key_name": "aravind",
            "key_pair_id": "key-06dc0d1eb282ec085",
            "key_type": "rsa",
            "public_key": "ssh-rsa AAAAB3NzaC1yc2EAAAADAQABAAABAQCTdY4JVePpmFq0d3M9kw0K4SybDb+4iC/KwKj95CCmdO54UiRywlqA+COohNjRGdRy3By9yxOHGlpvi1YPJmZkoIHKo89uoIBNYifJjVISOcSxpW0pKkB9xhBa6XRalZLxZSkrTdZB1e5UlANhixMPNpp9CvjyISiBzVJlQPgL+6rAIuNxvq3DhX6oWfgmg5hY60rQh+mYIHtJtcextWYzO4FOKNdpDsqz1VwMCqRo7GXzPjRV5Nyso9lURm4iQPkVjG1FVhQ965MTtn9Igy/o1W1vb0nLNQITT1BVAkAYF8arFtzfP93YhTMkINh/Nir3oFbRwu/Ba+J/T1jPs1LD aravind",
            "tags": {},
            "timeouts": null
          },
          "sensitive_attributes": []
        }
      ]
    },
    {
      "mode": "data",
      "type": "aws_route53_zone",
      "name": "selected",
      "provider": "provider[\"registry.terraform.io/hashicorp/aws\"]",
      "instances": [
        {
          "schema_version": 0,
          "attributes": {
            "arn": "arn:aws:route53:::hostedzone/Z2S69UIBKD4GJX",
            "caller_reference": "RISWorkflow-RD:544c3a3e-2cd5-4939-a227-df7945d885e0",
            "comment": "HostedZone created by Route53 Registrar",
            "id": "Z2S69UIBKD4GJX",
            "linked_service_description": null,
            "linked_service_principal": null,
            "name": "mdbrecruit.net",
            "name_servers": [
              "ns-1695.awsdns-19.co.uk",
              "ns-107.awsdns-13.com",
              "ns-1207.awsdns-22.org",
              "ns-936.awsdns-53.net"
            ],
            "primary_name_server": "ns-1695.awsdns-19.co.uk",
            "private_zone": false,
            "resource_record_set_count": 307,
            "tags": {},
            "vpc_id": null,
            "zone_id": "Z2S69UIBKD4GJX"
          },
          "sensitive_attributes": []
        }
      ]
    },
    {
      "mode": "managed",
      "type": "aws_instance",
      "name": "lb-node",
      "provider": "provider[\"registry.terraform.io/hashicorp/aws\"].provider",
      "instances": [
        {
          "schema_version": 1,
          "attributes": {
            "ami": "ami-0136ddddd07f0584f",
            "arn": "arn:aws:ec2:eu-west-1:331472312345:instance/i-009f98e2d9e6485ac",
            "associate_public_ip_address": true,
            "availability_zone": "eu-west-1a",
            "capacity_reservation_specification": [
              {
                "capacity_reservation_preference": "open",
                "capacity_reservation_target": []
              }
            ],
            "cpu_core_count": 1,
            "cpu_options": [
              {
                "amd_sev_snp": "",
                "core_count": 1,
                "threads_per_core": 2
              }
            ],
            "cpu_threads_per_core": 2,
            "credit_specification": [
              {
                "cpu_credits": "unlimited"
              }
            ],
            "disable_api_stop": false,
            "disable_api_termination": false,
            "ebs_block_device": [],
            "ebs_optimized": false,
            "enclave_options": [
              {
                "enabled": false
              }
            ],
            "ephemeral_block_device": [],
            "get_password_data": false,
            "hibernation": false,
            "host_id": "",
            "host_resource_group_arn": null,
            "iam_instance_profile": "",
            "id": "i-009f98e2d9e6485ac",
            "instance_initiated_shutdown_behavior": "stop",
            "instance_lifecycle": "",
            "instance_market_options": [],
            "instance_state": "running",
            "instance_type": "t3.medium",
            "ipv6_address_count": 0,
            "ipv6_addresses": [],
            "key_name": "aravind",
            "launch_template": [],
            "maintenance_options": [
              {
                "auto_recovery": "default"
              }
            ],
            "metadata_options": [
              {
                "http_endpoint": "enabled",
                "http_protocol_ipv6": "disabled",
                "http_put_response_hop_limit": 1,
                "http_tokens": "optional",
                "instance_metadata_tags": "disabled"
              }
            ],
            "monitoring": false,
            "network_interface": [],
            "outpost_arn": "",
            "password_data": "",
            "placement_group": "",
            "placement_partition_number": 0,
            "primary_network_interface_id": "eni-0a93e74678a1ca930",
            "private_dns": "ip-192-168-0-6.eu-west-1.compute.internal",
            "private_dns_name_options": [
              {
                "enable_resource_name_dns_a_record": false,
                "enable_resource_name_dns_aaaa_record": false,
                "hostname_type": "ip-name"
              }
            ],
            "private_ip": "192.168.0.6",
            "public_dns": "ec2-3-250-206-208.eu-west-1.compute.amazonaws.com",
            "public_ip": "3.250.206.208",
            "root_block_device": [
              {
                "delete_on_termination": true,
                "device_name": "/dev/sda1",
                "encrypted": false,
                "iops": 3000,
                "kms_key_id": "",
                "tags": {},
                "throughput": 125,
                "volume_id": "vol-0dd2b2d4a1fe60726",
                "volume_size": 25,
                "volume_type": "gp3"
              }
            ],
            "secondary_private_ips": [],
            "security_groups": [],
            "source_dest_check": true,
            "spot_instance_request_id": "",
            "subnet_id": "subnet-02fa96ca117435842",
            "tags": {
              "Name": "tf-lb-node",
              "expire-on": "2023-08-22"
            },
            "tags_all": {
              "Name": "tf-lb-node",
              "expire-on": "2023-08-22"
            },
            "tenancy": "default",
            "timeouts": null,
            "user_data": null,
            "user_data_base64": null,
            "user_data_replace_on_change": false,
            "volume_tags": null,
            "vpc_security_group_ids": [
              "sg-047cac52fac803def"
            ]
          },
          "sensitive_attributes": [],
          "private": "eyJlMmJmYjczMC1lY2FhLTExZTYtOGY4OC0zNDM2M2JjN2M0YzAiOnsiY3JlYXRlIjo2MDAwMDAwMDAwMDAsImRlbGV0ZSI6MTIwMDAwMDAwMDAwMCwidXBkYXRlIjo2MDAwMDAwMDAwMDB9LCJzY2hlbWFfdmVyc2lvbiI6IjEifQ==",
          "dependencies": [
            "aws_instance.om-node",
            "aws_security_group.om-sec-grp",
            "aws_subnet.om-vpc-subnet",
            "data.aws_ami.om-ami",
            "data.aws_availability_zones.om-vpc-azs",
            "data.aws_key_pair.om-key-pair"
          ]
        }
      ]
    },
    {
      "mode": "managed",
      "type": "aws_instance",
      "name": "om-node",
      "provider": "provider[\"registry.terraform.io/hashicorp/aws\"].provider",
      "instances": [
        {
          "index_key": "0",
          "schema_version": 1,
          "attributes": {
            "ami": "ami-0136ddddd07f0584f",
            "arn": "arn:aws:ec2:eu-west-1:331472312345:instance/i-0bdfdf4ab54ba0cfa",
            "associate_public_ip_address": true,
            "availability_zone": "eu-west-1a",
            "capacity_reservation_specification": [
              {
                "capacity_reservation_preference": "open",
                "capacity_reservation_target": []
              }
            ],
            "cpu_core_count": 1,
            "cpu_options": [
              {
                "amd_sev_snp": "",
                "core_count": 1,
                "threads_per_core": 2
              }
            ],
            "cpu_threads_per_core": 2,
            "credit_specification": [],
            "disable_api_stop": false,
            "disable_api_termination": false,
            "ebs_block_device": [
              {
                "delete_on_termination": true,
                "device_name": "/dev/xvdb",
                "encrypted": false,
                "iops": 1000,
                "kms_key_id": "",
                "snapshot_id": "",
                "tags": {
                  "name": "xvdb"
                },
                "throughput": 0,
                "volume_id": "vol-0382605411ecd98ba",
                "volume_size": 25,
                "volume_type": "io2"
              },
              {
                "delete_on_termination": true,
                "device_name": "/dev/xvdc",
                "encrypted": false,
                "iops": 1000,
                "kms_key_id": "",
                "snapshot_id": "",
                "tags": {
                  "name": "xvdc"
                },
                "throughput": 0,
                "volume_id": "vol-0aaf30819fa241763",
                "volume_size": 25,
                "volume_type": "io2"
              }
            ],
            "ebs_optimized": false,
            "enclave_options": [
              {
                "enabled": false
              }
            ],
            "ephemeral_block_device": [],
            "get_password_data": false,
            "hibernation": false,
            "host_id": "",
            "host_resource_group_arn": null,
            "iam_instance_profile": "",
            "id": "i-0bdfdf4ab54ba0cfa",
            "instance_initiated_shutdown_behavior": "stop",
            "instance_lifecycle": "",
            "instance_market_options": [],
            "instance_state": "running",
            "instance_type": "r5.large",
            "ipv6_address_count": 0,
            "ipv6_addresses": [],
            "key_name": "aravind",
            "launch_template": [],
            "maintenance_options": [
              {
                "auto_recovery": "default"
              }
            ],
            "metadata_options": [
              {
                "http_endpoint": "enabled",
                "http_protocol_ipv6": "disabled",
                "http_put_response_hop_limit": 1,
                "http_tokens": "optional",
                "instance_metadata_tags": "disabled"
              }
            ],
            "monitoring": false,
            "network_interface": [],
            "outpost_arn": "",
            "password_data": "",
            "placement_group": "",
            "placement_partition_number": 0,
            "primary_network_interface_id": "eni-08fdef82fd9226689",
            "private_dns": "ip-192-168-0-11.eu-west-1.compute.internal",
            "private_dns_name_options": [
              {
                "enable_resource_name_dns_a_record": false,
                "enable_resource_name_dns_aaaa_record": false,
                "hostname_type": "ip-name"
              }
            ],
            "private_ip": "192.168.0.11",
            "public_dns": "ec2-54-75-49-18.eu-west-1.compute.amazonaws.com",
            "public_ip": "54.75.49.18",
            "root_block_device": [
              {
                "delete_on_termination": true,
                "device_name": "/dev/sda1",
                "encrypted": false,
                "iops": 3000,
                "kms_key_id": "",
                "tags": {},
                "throughput": 125,
                "volume_id": "vol-094a1a1229c52948b",
                "volume_size": 8,
                "volume_type": "gp3"
              }
            ],
            "secondary_private_ips": [],
            "security_groups": [],
            "source_dest_check": true,
            "spot_instance_request_id": "",
            "subnet_id": "subnet-02fa96ca117435842",
            "tags": {
              "Name": "tf-om-node-0",
              "expire-on": "2023-08-22"
            },
            "tags_all": {
              "Name": "tf-om-node-0",
              "expire-on": "2023-08-22"
            },
            "tenancy": "default",
            "timeouts": null,
            "user_data": null,
            "user_data_base64": null,
            "user_data_replace_on_change": false,
            "volume_tags": null,
            "vpc_security_group_ids": [
              "sg-047cac52fac803def"
            ]
          },
          "sensitive_attributes": [],
          "private": "eyJlMmJmYjczMC1lY2FhLTExZTYtOGY4OC0zNDM2M2JjN2M0YzAiOnsiY3JlYXRlIjo2MDAwMDAwMDAwMDAsImRlbGV0ZSI6MTIwMDAwMDAwMDAwMCwidXBkYXRlIjo2MDAwMDAwMDAwMDB9LCJzY2hlbWFfdmVyc2lvbiI6IjEifQ==",
          "dependencies": [
            "aws_security_group.om-sec-grp",
            "aws_subnet.om-vpc-subnet",
            "data.aws_ami.om-ami",
            "data.aws_availability_zones.om-vpc-azs",
            "data.aws_key_pair.om-key-pair"
          ]
        },
        {
          "index_key": "1",
          "schema_version": 1,
          "attributes": {
            "ami": "ami-0136ddddd07f0584f",
            "arn": "arn:aws:ec2:eu-west-1:331472312345:instance/i-04a21fd267304d264",
            "associate_public_ip_address": true,
            "availability_zone": "eu-west-1b",
            "capacity_reservation_specification": [
              {
                "capacity_reservation_preference": "open",
                "capacity_reservation_target": []
              }
            ],
            "cpu_core_count": 1,
            "cpu_options": [
              {
                "amd_sev_snp": "",
                "core_count": 1,
                "threads_per_core": 2
              }
            ],
            "cpu_threads_per_core": 2,
            "credit_specification": [],
            "disable_api_stop": false,
            "disable_api_termination": false,
            "ebs_block_device": [
              {
                "delete_on_termination": true,
                "device_name": "/dev/xvdb",
                "encrypted": false,
                "iops": 1000,
                "kms_key_id": "",
                "snapshot_id": "",
                "tags": {
                  "name": "xvdb"
                },
                "throughput": 0,
                "volume_id": "vol-0b3412ae2235fc564",
                "volume_size": 25,
                "volume_type": "io2"
              },
              {
                "delete_on_termination": true,
                "device_name": "/dev/xvdc",
                "encrypted": false,
                "iops": 1000,
                "kms_key_id": "",
                "snapshot_id": "",
                "tags": {
                  "name": "xvdc"
                },
                "throughput": 0,
                "volume_id": "vol-07bbfa11b96afd8a3",
                "volume_size": 25,
                "volume_type": "io2"
              }
            ],
            "ebs_optimized": false,
            "enclave_options": [
              {
                "enabled": false
              }
            ],
            "ephemeral_block_device": [],
            "get_password_data": false,
            "hibernation": false,
            "host_id": "",
            "host_resource_group_arn": null,
            "iam_instance_profile": "",
            "id": "i-04a21fd267304d264",
            "instance_initiated_shutdown_behavior": "stop",
            "instance_lifecycle": "",
            "instance_market_options": [],
            "instance_state": "running",
            "instance_type": "r5.large",
            "ipv6_address_count": 0,
            "ipv6_addresses": [],
            "key_name": "aravind",
            "launch_template": [],
            "maintenance_options": [
              {
                "auto_recovery": "default"
              }
            ],
            "metadata_options": [
              {
                "http_endpoint": "enabled",
                "http_protocol_ipv6": "disabled",
                "http_put_response_hop_limit": 1,
                "http_tokens": "optional",
                "instance_metadata_tags": "disabled"
              }
            ],
            "monitoring": false,
            "network_interface": [],
            "outpost_arn": "",
            "password_data": "",
            "placement_group": "",
            "placement_partition_number": 0,
            "primary_network_interface_id": "eni-0b285654a9affbba7",
            "private_dns": "ip-192-168-0-24.eu-west-1.compute.internal",
            "private_dns_name_options": [
              {
                "enable_resource_name_dns_a_record": false,
                "enable_resource_name_dns_aaaa_record": false,
                "hostname_type": "ip-name"
              }
            ],
            "private_ip": "192.168.0.24",
            "public_dns": "ec2-34-242-180-139.eu-west-1.compute.amazonaws.com",
            "public_ip": "34.242.180.139",
            "root_block_device": [
              {
                "delete_on_termination": true,
                "device_name": "/dev/sda1",
                "encrypted": false,
                "iops": 3000,
                "kms_key_id": "",
                "tags": {},
                "throughput": 125,
                "volume_id": "vol-05cfcea74f5765039",
                "volume_size": 8,
                "volume_type": "gp3"
              }
            ],
            "secondary_private_ips": [],
            "security_groups": [],
            "source_dest_check": true,
            "spot_instance_request_id": "",
            "subnet_id": "subnet-0582c4c9bcedd327c",
            "tags": {
              "Name": "tf-om-node-1",
              "expire-on": "2023-08-22"
            },
            "tags_all": {
              "Name": "tf-om-node-1",
              "expire-on": "2023-08-22"
            },
            "tenancy": "default",
            "timeouts": null,
            "user_data": null,
            "user_data_base64": null,
            "user_data_replace_on_change": false,
            "volume_tags": null,
            "vpc_security_group_ids": [
              "sg-047cac52fac803def"
            ]
          },
          "sensitive_attributes": [],
          "private": "eyJlMmJmYjczMC1lY2FhLTExZTYtOGY4OC0zNDM2M2JjN2M0YzAiOnsiY3JlYXRlIjo2MDAwMDAwMDAwMDAsImRlbGV0ZSI6MTIwMDAwMDAwMDAwMCwidXBkYXRlIjo2MDAwMDAwMDAwMDB9LCJzY2hlbWFfdmVyc2lvbiI6IjEifQ==",
          "dependencies": [
            "aws_security_group.om-sec-grp",
            "aws_subnet.om-vpc-subnet",
            "data.aws_ami.om-ami",
            "data.aws_availability_zones.om-vpc-azs",
            "data.aws_key_pair.om-key-pair"
          ]
        },
        {
          "index_key": "2",
          "schema_version": 1,
          "attributes": {
            "ami": "ami-0136ddddd07f0584f",
            "arn": "arn:aws:ec2:eu-west-1:331472312345:instance/i-042f2b0ba5a757d11",
            "associate_public_ip_address": true,
            "availability_zone": "eu-west-1c",
            "capacity_reservation_specification": [
              {
                "capacity_reservation_preference": "open",
                "capacity_reservation_target": []
              }
            ],
            "cpu_core_count": 1,
            "cpu_options": [
              {
                "amd_sev_snp": "",
                "core_count": 1,
                "threads_per_core": 2
              }
            ],
            "cpu_threads_per_core": 2,
            "credit_specification": [],
            "disable_api_stop": false,
            "disable_api_termination": false,
            "ebs_block_device": [
              {
                "delete_on_termination": true,
                "device_name": "/dev/xvdb",
                "encrypted": false,
                "iops": 1000,
                "kms_key_id": "",
                "snapshot_id": "",
                "tags": {
                  "name": "xvdb"
                },
                "throughput": 0,
                "volume_id": "vol-0d006866011235dc5",
                "volume_size": 25,
                "volume_type": "io2"
              },
              {
                "delete_on_termination": true,
                "device_name": "/dev/xvdc",
                "encrypted": false,
                "iops": 1000,
                "kms_key_id": "",
                "snapshot_id": "",
                "tags": {
                  "name": "xvdc"
                },
                "throughput": 0,
                "volume_id": "vol-09d3da373e075e157",
                "volume_size": 25,
                "volume_type": "io2"
              }
            ],
            "ebs_optimized": false,
            "enclave_options": [
              {
                "enabled": false
              }
            ],
            "ephemeral_block_device": [],
            "get_password_data": false,
            "hibernation": false,
            "host_id": "",
            "host_resource_group_arn": null,
            "iam_instance_profile": "",
            "id": "i-042f2b0ba5a757d11",
            "instance_initiated_shutdown_behavior": "stop",
            "instance_lifecycle": "",
            "instance_market_options": [],
            "instance_state": "running",
            "instance_type": "r5.large",
            "ipv6_address_count": 0,
            "ipv6_addresses": [],
            "key_name": "aravind",
            "launch_template": [],
            "maintenance_options": [
              {
                "auto_recovery": "default"
              }
            ],
            "metadata_options": [
              {
                "http_endpoint": "enabled",
                "http_protocol_ipv6": "disabled",
                "http_put_response_hop_limit": 1,
                "http_tokens": "optional",
                "instance_metadata_tags": "disabled"
              }
            ],
            "monitoring": false,
            "network_interface": [],
            "outpost_arn": "",
            "password_data": "",
            "placement_group": "",
            "placement_partition_number": 0,
            "primary_network_interface_id": "eni-01026579d55462dcb",
            "private_dns": "ip-192-168-0-37.eu-west-1.compute.internal",
            "private_dns_name_options": [
              {
                "enable_resource_name_dns_a_record": false,
                "enable_resource_name_dns_aaaa_record": false,
                "hostname_type": "ip-name"
              }
            ],
            "private_ip": "192.168.0.37",
            "public_dns": "ec2-34-253-24-225.eu-west-1.compute.amazonaws.com",
            "public_ip": "34.253.24.225",
            "root_block_device": [
              {
                "delete_on_termination": true,
                "device_name": "/dev/sda1",
                "encrypted": false,
                "iops": 3000,
                "kms_key_id": "",
                "tags": {},
                "throughput": 125,
                "volume_id": "vol-05a3bf13aac242617",
                "volume_size": 8,
                "volume_type": "gp3"
              }
            ],
            "secondary_private_ips": [],
            "security_groups": [],
            "source_dest_check": true,
            "spot_instance_request_id": "",
            "subnet_id": "subnet-06771ff5f50f43ef4",
            "tags": {
              "Name": "tf-om-node-2",
              "expire-on": "2023-08-22"
            },
            "tags_all": {
              "Name": "tf-om-node-2",
              "expire-on": "2023-08-22"
            },
            "tenancy": "default",
            "timeouts": null,
            "user_data": null,
            "user_data_base64": null,
            "user_data_replace_on_change": false,
            "volume_tags": null,
            "vpc_security_group_ids": [
              "sg-047cac52fac803def"
            ]
          },
          "sensitive_attributes": [],
          "private": "eyJlMmJmYjczMC1lY2FhLTExZTYtOGY4OC0zNDM2M2JjN2M0YzAiOnsiY3JlYXRlIjo2MDAwMDAwMDAwMDAsImRlbGV0ZSI6MTIwMDAwMDAwMDAwMCwidXBkYXRlIjo2MDAwMDAwMDAwMDB9LCJzY2hlbWFfdmVyc2lvbiI6IjEifQ==",
          "dependencies": [
            "aws_security_group.om-sec-grp",
            "aws_subnet.om-vpc-subnet",
            "data.aws_ami.om-ami",
            "data.aws_availability_zones.om-vpc-azs",
            "data.aws_key_pair.om-key-pair"
          ]
        }
      ]
    },
    {
      "mode": "managed",
      "type": "aws_internet_gateway",
      "name": "om-vpc-igw",
      "provider": "provider[\"registry.terraform.io/hashicorp/aws\"].provider",
      "instances": [
        {
          "schema_version": 0,
          "attributes": {
            "arn": "arn:aws:ec2:eu-west-1:331472312345:internet-gateway/igw-03ddc9ae5895067f5",
            "id": "igw-03ddc9ae5895067f5",
            "owner_id": "331472312345",
            "tags": {},
            "tags_all": {},
            "timeouts": null,
            "vpc_id": "vpc-017933b15109392e6"
          },
          "sensitive_attributes": [],
          "private": "eyJlMmJmYjczMC1lY2FhLTExZTYtOGY4OC0zNDM2M2JjN2M0YzAiOnsiY3JlYXRlIjoxMjAwMDAwMDAwMDAwLCJkZWxldGUiOjEyMDAwMDAwMDAwMDAsInVwZGF0ZSI6MTIwMDAwMDAwMDAwMH19",
          "dependencies": [
            "aws_vpc.om-vpc"
          ]
        }
      ]
    },
    {
      "mode": "managed",
      "type": "aws_main_route_table_association",
      "name": "om-vpc-main-rtbl-assoc",
      "provider": "provider[\"registry.terraform.io/hashicorp/aws\"].provider",
      "instances": [
        {
          "schema_version": 0,
          "attributes": {
            "id": "rtbassoc-00568b080086a6697",
            "original_route_table_id": "rtb-09b5db26d315da6cc",
            "route_table_id": "rtb-03d4be1346792adec",
            "timeouts": null,
            "vpc_id": "vpc-017933b15109392e6"
          },
          "sensitive_attributes": [],
          "private": "eyJlMmJmYjczMC1lY2FhLTExZTYtOGY4OC0zNDM2M2JjN2M0YzAiOnsiY3JlYXRlIjozMDAwMDAwMDAwMDAsImRlbGV0ZSI6MzAwMDAwMDAwMDAwLCJ1cGRhdGUiOjEyMDAwMDAwMDAwMH19",
          "dependencies": [
            "aws_internet_gateway.om-vpc-igw",
            "aws_route_table.om-vpc-main-rtbl",
            "aws_vpc.om-vpc"
          ]
        }
      ]
    },
    {
      "mode": "managed",
      "type": "aws_route53_record",
      "name": "lb-node-private-dns-record",
      "provider": "provider[\"registry.terraform.io/hashicorp/aws\"]",
      "instances": [
        {
          "schema_version": 2,
          "attributes": {
            "alias": [],
            "allow_overwrite": null,
            "cidr_routing_policy": [],
            "failover_routing_policy": [],
            "fqdn": "artf-lb-node.mdbrecruit.net",
            "geolocation_routing_policy": [],
            "health_check_id": "",
            "id": "Z2S69UIBKD4GJX_artf-lb-node.mdbrecruit.net._A",
            "latency_routing_policy": [],
            "multivalue_answer_routing_policy": false,
            "name": "artf-lb-node.mdbrecruit.net",
            "records": [
              "192.168.0.6"
            ],
            "set_identifier": "",
            "ttl": 300,
            "type": "A",
            "weighted_routing_policy": [],
            "zone_id": "Z2S69UIBKD4GJX"
          },
          "sensitive_attributes": [],
          "private": "eyJzY2hlbWFfdmVyc2lvbiI6IjIifQ==",
          "dependencies": [
            "aws_instance.lb-node",
            "aws_instance.om-node",
            "aws_security_group.om-sec-grp",
            "aws_subnet.om-vpc-subnet",
            "aws_vpc.om-vpc",
            "data.aws_ami.om-ami",
            "data.aws_availability_zones.om-vpc-azs",
            "data.aws_key_pair.om-key-pair",
            "data.aws_route53_zone.selected"
          ]
        }
      ]
    },
    {
      "mode": "managed",
      "type": "aws_route53_record",
      "name": "lb-node-public-dns-record",
      "provider": "provider[\"registry.terraform.io/hashicorp/aws\"]",
      "instances": [
        {
          "schema_version": 2,
          "attributes": {
            "alias": [],
            "allow_overwrite": null,
            "cidr_routing_policy": [],
            "failover_routing_policy": [],
            "fqdn": "arextf-lb-node.mdbrecruit.net",
            "geolocation_routing_policy": [],
            "health_check_id": "",
            "id": "Z2S69UIBKD4GJX_arextf-lb-node.mdbrecruit.net._A",
            "latency_routing_policy": [],
            "multivalue_answer_routing_policy": false,
            "name": "arextf-lb-node.mdbrecruit.net",
            "records": [
              "3.250.206.208"
            ],
            "set_identifier": "",
            "ttl": 300,
            "type": "A",
            "weighted_routing_policy": [],
            "zone_id": "Z2S69UIBKD4GJX"
          },
          "sensitive_attributes": [],
          "private": "eyJzY2hlbWFfdmVyc2lvbiI6IjIifQ==",
          "dependencies": [
            "aws_instance.lb-node",
            "aws_instance.om-node",
            "aws_security_group.om-sec-grp",
            "aws_subnet.om-vpc-subnet",
            "aws_vpc.om-vpc",
            "data.aws_ami.om-ami",
            "data.aws_availability_zones.om-vpc-azs",
            "data.aws_key_pair.om-key-pair",
            "data.aws_route53_zone.selected"
          ]
        }
      ]
    },
    {
      "mode": "managed",
      "type": "aws_route53_record",
      "name": "om-node-private-dns-record",
      "provider": "provider[\"registry.terraform.io/hashicorp/aws\"]",
      "instances": [
        {
          "index_key": "0",
          "schema_version": 2,
          "attributes": {
            "alias": [],
            "allow_overwrite": null,
            "cidr_routing_policy": [],
            "failover_routing_policy": [],
            "fqdn": "artf-om-node-0.mdbrecruit.net",
            "geolocation_routing_policy": [],
            "health_check_id": "",
            "id": "Z2S69UIBKD4GJX_artf-om-node-0.mdbrecruit.net._A",
            "latency_routing_policy": [],
            "multivalue_answer_routing_policy": false,
            "name": "artf-om-node-0.mdbrecruit.net",
            "records": [
              "192.168.0.11"
            ],
            "set_identifier": "",
            "ttl": 300,
            "type": "A",
            "weighted_routing_policy": [],
            "zone_id": "Z2S69UIBKD4GJX"
          },
          "sensitive_attributes": [],
          "private": "eyJzY2hlbWFfdmVyc2lvbiI6IjIifQ==",
          "dependencies": [
            "aws_instance.om-node",
            "aws_security_group.om-sec-grp",
            "aws_subnet.om-vpc-subnet",
            "aws_vpc.om-vpc",
            "data.aws_ami.om-ami",
            "data.aws_availability_zones.om-vpc-azs",
            "data.aws_key_pair.om-key-pair",
            "data.aws_route53_zone.selected"
          ]
        },
        {
          "index_key": "1",
          "schema_version": 2,
          "attributes": {
            "alias": [],
            "allow_overwrite": null,
            "cidr_routing_policy": [],
            "failover_routing_policy": [],
            "fqdn": "artf-om-node-1.mdbrecruit.net",
            "geolocation_routing_policy": [],
            "health_check_id": "",
            "id": "Z2S69UIBKD4GJX_artf-om-node-1.mdbrecruit.net._A",
            "latency_routing_policy": [],
            "multivalue_answer_routing_policy": false,
            "name": "artf-om-node-1.mdbrecruit.net",
            "records": [
              "192.168.0.24"
            ],
            "set_identifier": "",
            "ttl": 300,
            "type": "A",
            "weighted_routing_policy": [],
            "zone_id": "Z2S69UIBKD4GJX"
          },
          "sensitive_attributes": [],
          "private": "eyJzY2hlbWFfdmVyc2lvbiI6IjIifQ==",
          "dependencies": [
            "aws_instance.om-node",
            "aws_security_group.om-sec-grp",
            "aws_subnet.om-vpc-subnet",
            "aws_vpc.om-vpc",
            "data.aws_ami.om-ami",
            "data.aws_availability_zones.om-vpc-azs",
            "data.aws_key_pair.om-key-pair",
            "data.aws_route53_zone.selected"
          ]
        },
        {
          "index_key": "2",
          "schema_version": 2,
          "attributes": {
            "alias": [],
            "allow_overwrite": null,
            "cidr_routing_policy": [],
            "failover_routing_policy": [],
            "fqdn": "artf-om-node-2.mdbrecruit.net",
            "geolocation_routing_policy": [],
            "health_check_id": "",
            "id": "Z2S69UIBKD4GJX_artf-om-node-2.mdbrecruit.net._A",
            "latency_routing_policy": [],
            "multivalue_answer_routing_policy": false,
            "name": "artf-om-node-2.mdbrecruit.net",
            "records": [
              "192.168.0.37"
            ],
            "set_identifier": "",
            "ttl": 300,
            "type": "A",
            "weighted_routing_policy": [],
            "zone_id": "Z2S69UIBKD4GJX"
          },
          "sensitive_attributes": [],
          "private": "eyJzY2hlbWFfdmVyc2lvbiI6IjIifQ==",
          "dependencies": [
            "aws_instance.om-node",
            "aws_security_group.om-sec-grp",
            "aws_subnet.om-vpc-subnet",
            "aws_vpc.om-vpc",
            "data.aws_ami.om-ami",
            "data.aws_availability_zones.om-vpc-azs",
            "data.aws_key_pair.om-key-pair",
            "data.aws_route53_zone.selected"
          ]
        }
      ]
    },
    {
      "mode": "managed",
      "type": "aws_route53_record",
      "name": "om-node-public-dns-record",
      "provider": "provider[\"registry.terraform.io/hashicorp/aws\"]",
      "instances": [
        {
          "index_key": "0",
          "schema_version": 2,
          "attributes": {
            "alias": [],
            "allow_overwrite": null,
            "cidr_routing_policy": [],
            "failover_routing_policy": [],
            "fqdn": "arextf-om-node-0.mdbrecruit.net",
            "geolocation_routing_policy": [],
            "health_check_id": "",
            "id": "Z2S69UIBKD4GJX_arextf-om-node-0.mdbrecruit.net._A",
            "latency_routing_policy": [],
            "multivalue_answer_routing_policy": false,
            "name": "arextf-om-node-0.mdbrecruit.net",
            "records": [
              "54.75.49.18"
            ],
            "set_identifier": "",
            "ttl": 300,
            "type": "A",
            "weighted_routing_policy": [],
            "zone_id": "Z2S69UIBKD4GJX"
          },
          "sensitive_attributes": [],
          "private": "eyJzY2hlbWFfdmVyc2lvbiI6IjIifQ==",
          "dependencies": [
            "aws_instance.om-node",
            "aws_security_group.om-sec-grp",
            "aws_subnet.om-vpc-subnet",
            "aws_vpc.om-vpc",
            "data.aws_ami.om-ami",
            "data.aws_availability_zones.om-vpc-azs",
            "data.aws_key_pair.om-key-pair",
            "data.aws_route53_zone.selected"
          ]
        },
        {
          "index_key": "1",
          "schema_version": 2,
          "attributes": {
            "alias": [],
            "allow_overwrite": null,
            "cidr_routing_policy": [],
            "failover_routing_policy": [],
            "fqdn": "arextf-om-node-1.mdbrecruit.net",
            "geolocation_routing_policy": [],
            "health_check_id": "",
            "id": "Z2S69UIBKD4GJX_arextf-om-node-1.mdbrecruit.net._A",
            "latency_routing_policy": [],
            "multivalue_answer_routing_policy": false,
            "name": "arextf-om-node-1.mdbrecruit.net",
            "records": [
              "34.242.180.139"
            ],
            "set_identifier": "",
            "ttl": 300,
            "type": "A",
            "weighted_routing_policy": [],
            "zone_id": "Z2S69UIBKD4GJX"
          },
          "sensitive_attributes": [],
          "private": "eyJzY2hlbWFfdmVyc2lvbiI6IjIifQ==",
          "dependencies": [
            "aws_instance.om-node",
            "aws_security_group.om-sec-grp",
            "aws_subnet.om-vpc-subnet",
            "aws_vpc.om-vpc",
            "data.aws_ami.om-ami",
            "data.aws_availability_zones.om-vpc-azs",
            "data.aws_key_pair.om-key-pair",
            "data.aws_route53_zone.selected"
          ]
        },
        {
          "index_key": "2",
          "schema_version": 2,
          "attributes": {
            "alias": [],
            "allow_overwrite": null,
            "cidr_routing_policy": [],
            "failover_routing_policy": [],
            "fqdn": "arextf-om-node-2.mdbrecruit.net",
            "geolocation_routing_policy": [],
            "health_check_id": "",
            "id": "Z2S69UIBKD4GJX_arextf-om-node-2.mdbrecruit.net._A",
            "latency_routing_policy": [],
            "multivalue_answer_routing_policy": false,
            "name": "arextf-om-node-2.mdbrecruit.net",
            "records": [
              "34.253.24.225"
            ],
            "set_identifier": "",
            "ttl": 300,
            "type": "A",
            "weighted_routing_policy": [],
            "zone_id": "Z2S69UIBKD4GJX"
          },
          "sensitive_attributes": [],
          "private": "eyJzY2hlbWFfdmVyc2lvbiI6IjIifQ==",
          "dependencies": [
            "aws_instance.om-node",
            "aws_security_group.om-sec-grp",
            "aws_subnet.om-vpc-subnet",
            "aws_vpc.om-vpc",
            "data.aws_ami.om-ami",
            "data.aws_availability_zones.om-vpc-azs",
            "data.aws_key_pair.om-key-pair",
            "data.aws_route53_zone.selected"
          ]
        }
      ]
    },
    {
      "mode": "managed",
      "type": "aws_route_table",
      "name": "om-vpc-main-rtbl",
      "provider": "provider[\"registry.terraform.io/hashicorp/aws\"].provider",
      "instances": [
        {
          "schema_version": 0,
          "attributes": {
            "arn": "arn:aws:ec2:eu-west-1:331472312345:route-table/rtb-03d4be1346792adec",
            "id": "rtb-03d4be1346792adec",
            "owner_id": "331472312345",
            "propagating_vgws": [],
            "route": [
              {
                "carrier_gateway_id": "",
                "cidr_block": "0.0.0.0/0",
                "core_network_arn": "",
                "destination_prefix_list_id": "",
                "egress_only_gateway_id": "",
                "gateway_id": "igw-03ddc9ae5895067f5",
                "ipv6_cidr_block": "",
                "local_gateway_id": "",
                "nat_gateway_id": "",
                "network_interface_id": "",
                "transit_gateway_id": "",
                "vpc_endpoint_id": "",
                "vpc_peering_connection_id": ""
              }
            ],
            "tags": {
              "Name": "om-vpc-main-rtbl"
            },
            "tags_all": {
              "Name": "om-vpc-main-rtbl"
            },
            "timeouts": null,
            "vpc_id": "vpc-017933b15109392e6"
          },
          "sensitive_attributes": [],
          "private": "eyJlMmJmYjczMC1lY2FhLTExZTYtOGY4OC0zNDM2M2JjN2M0YzAiOnsiY3JlYXRlIjozMDAwMDAwMDAwMDAsImRlbGV0ZSI6MzAwMDAwMDAwMDAwLCJ1cGRhdGUiOjEyMDAwMDAwMDAwMH19",
          "dependencies": [
            "aws_internet_gateway.om-vpc-igw",
            "aws_vpc.om-vpc"
          ]
        }
      ]
    },
    {
      "mode": "managed",
      "type": "aws_route_table_association",
      "name": "om-vpc-subnet-rtbl-assoc",
      "provider": "provider[\"registry.terraform.io/hashicorp/aws\"].provider",
      "instances": [
        {
          "index_key": "eu-west-1a",
          "schema_version": 0,
          "attributes": {
            "gateway_id": "",
            "id": "rtbassoc-0d00b40d1ce283d2f",
            "route_table_id": "rtb-03d4be1346792adec",
            "subnet_id": "subnet-02fa96ca117435842",
            "timeouts": null
          },
          "sensitive_attributes": [],
          "private": "eyJlMmJmYjczMC1lY2FhLTExZTYtOGY4OC0zNDM2M2JjN2M0YzAiOnsiY3JlYXRlIjozMDAwMDAwMDAwMDAsImRlbGV0ZSI6MzAwMDAwMDAwMDAwLCJ1cGRhdGUiOjEyMDAwMDAwMDAwMH19",
          "dependencies": [
            "aws_internet_gateway.om-vpc-igw",
            "aws_route_table.om-vpc-main-rtbl",
            "aws_subnet.om-vpc-subnet",
            "aws_vpc.om-vpc",
            "data.aws_availability_zones.om-vpc-azs"
          ]
        },
        {
          "index_key": "eu-west-1b",
          "schema_version": 0,
          "attributes": {
            "gateway_id": "",
            "id": "rtbassoc-0ba939666147142d0",
            "route_table_id": "rtb-03d4be1346792adec",
            "subnet_id": "subnet-0582c4c9bcedd327c",
            "timeouts": null
          },
          "sensitive_attributes": [],
          "private": "eyJlMmJmYjczMC1lY2FhLTExZTYtOGY4OC0zNDM2M2JjN2M0YzAiOnsiY3JlYXRlIjozMDAwMDAwMDAwMDAsImRlbGV0ZSI6MzAwMDAwMDAwMDAwLCJ1cGRhdGUiOjEyMDAwMDAwMDAwMH19",
          "dependencies": [
            "aws_internet_gateway.om-vpc-igw",
            "aws_route_table.om-vpc-main-rtbl",
            "aws_subnet.om-vpc-subnet",
            "aws_vpc.om-vpc",
            "data.aws_availability_zones.om-vpc-azs"
          ]
        },
        {
          "index_key": "eu-west-1c",
          "schema_version": 0,
          "attributes": {
            "gateway_id": "",
            "id": "rtbassoc-057fb133c7c3c9732",
            "route_table_id": "rtb-03d4be1346792adec",
            "subnet_id": "subnet-06771ff5f50f43ef4",
            "timeouts": null
          },
          "sensitive_attributes": [],
          "private": "eyJlMmJmYjczMC1lY2FhLTExZTYtOGY4OC0zNDM2M2JjN2M0YzAiOnsiY3JlYXRlIjozMDAwMDAwMDAwMDAsImRlbGV0ZSI6MzAwMDAwMDAwMDAwLCJ1cGRhdGUiOjEyMDAwMDAwMDAwMH19",
          "dependencies": [
            "aws_internet_gateway.om-vpc-igw",
            "aws_route_table.om-vpc-main-rtbl",
            "aws_subnet.om-vpc-subnet",
            "aws_vpc.om-vpc",
            "data.aws_availability_zones.om-vpc-azs"
          ]
        }
      ]
    },
    {
      "mode": "managed",
      "type": "aws_security_group",
      "name": "om-sec-grp",
      "provider": "provider[\"registry.terraform.io/hashicorp/aws\"].provider",
      "instances": [
        {
          "schema_version": 1,
          "attributes": {
            "arn": "arn:aws:ec2:eu-west-1:331472312345:security-group/sg-047cac52fac803def",
            "description": "Security Group for Ops Manager",
            "egress": [
              {
                "cidr_blocks": [
                  "0.0.0.0/0"
                ],
                "description": "",
                "from_port": 0,
                "ipv6_cidr_blocks": [],
                "prefix_list_ids": [],
                "protocol": "-1",
                "security_groups": [],
                "self": false,
                "to_port": 0
              }
            ],
            "id": "sg-047cac52fac803def",
            "ingress": [
              {
                "cidr_blocks": [
                  "0.0.0.0/0"
                ],
                "description": "",
                "from_port": 22,
                "ipv6_cidr_blocks": [],
                "prefix_list_ids": [],
                "protocol": "tcp",
                "security_groups": [],
                "self": false,
                "to_port": 22
              },
              {
                "cidr_blocks": [
                  "0.0.0.0/0"
                ],
                "description": "",
                "from_port": 27017,
                "ipv6_cidr_blocks": [],
                "prefix_list_ids": [],
                "protocol": "tcp",
                "security_groups": [],
                "self": false,
                "to_port": 27017
              },
              {
                "cidr_blocks": [
                  "0.0.0.0/0"
                ],
                "description": "",
                "from_port": 8080,
                "ipv6_cidr_blocks": [],
                "prefix_list_ids": [],
                "protocol": "tcp",
                "security_groups": [],
                "self": false,
                "to_port": 8080
              },
              {
                "cidr_blocks": [
                  "0.0.0.0/0"
                ],
                "description": "",
                "from_port": 80,
                "ipv6_cidr_blocks": [],
                "prefix_list_ids": [],
                "protocol": "tcp",
                "security_groups": [],
                "self": false,
                "to_port": 80
              },
              {
                "cidr_blocks": [
                  "0.0.0.0/0"
                ],
                "description": "",
                "from_port": 8443,
                "ipv6_cidr_blocks": [],
                "prefix_list_ids": [],
                "protocol": "tcp",
                "security_groups": [],
                "self": false,
                "to_port": 8443
              }
            ],
            "name": "tf-om-sec-grp",
            "name_prefix": "",
            "owner_id": "331472312345",
            "revoke_rules_on_delete": false,
            "tags": {},
            "tags_all": {},
            "timeouts": null,
            "vpc_id": "vpc-017933b15109392e6"
          },
          "sensitive_attributes": [],
          "private": "eyJlMmJmYjczMC1lY2FhLTExZTYtOGY4OC0zNDM2M2JjN2M0YzAiOnsiY3JlYXRlIjo2MDAwMDAwMDAwMDAsImRlbGV0ZSI6OTAwMDAwMDAwMDAwfSwic2NoZW1hX3ZlcnNpb24iOiIxIn0=",
          "dependencies": [
            "aws_vpc.om-vpc"
          ]
        }
      ]
    },
    {
      "mode": "managed",
      "type": "aws_subnet",
      "name": "om-vpc-subnet",
      "provider": "provider[\"registry.terraform.io/hashicorp/aws\"].provider",
      "instances": [
        {
          "index_key": "eu-west-1a",
          "schema_version": 1,
          "attributes": {
            "arn": "arn:aws:ec2:eu-west-1:331472312345:subnet/subnet-02fa96ca117435842",
            "assign_ipv6_address_on_creation": false,
            "availability_zone": "eu-west-1a",
            "availability_zone_id": "euw1-az2",
            "cidr_block": "192.168.0.0/28",
            "customer_owned_ipv4_pool": "",
            "enable_dns64": false,
            "enable_lni_at_device_index": 0,
            "enable_resource_name_dns_a_record_on_launch": false,
            "enable_resource_name_dns_aaaa_record_on_launch": false,
            "id": "subnet-02fa96ca117435842",
            "ipv6_cidr_block": "",
            "ipv6_cidr_block_association_id": "",
            "ipv6_native": false,
            "map_customer_owned_ip_on_launch": false,
            "map_public_ip_on_launch": false,
            "outpost_arn": "",
            "owner_id": "331472312345",
            "private_dns_hostname_type_on_launch": "ip-name",
            "tags": {},
            "tags_all": {},
            "timeouts": null,
            "vpc_id": "vpc-017933b15109392e6"
          },
          "sensitive_attributes": [],
          "private": "eyJlMmJmYjczMC1lY2FhLTExZTYtOGY4OC0zNDM2M2JjN2M0YzAiOnsiY3JlYXRlIjo2MDAwMDAwMDAwMDAsImRlbGV0ZSI6MTIwMDAwMDAwMDAwMH0sInNjaGVtYV92ZXJzaW9uIjoiMSJ9",
          "dependencies": [
            "aws_vpc.om-vpc",
            "data.aws_availability_zones.om-vpc-azs"
          ]
        },
        {
          "index_key": "eu-west-1b",
          "schema_version": 1,
          "attributes": {
            "arn": "arn:aws:ec2:eu-west-1:331472312345:subnet/subnet-0582c4c9bcedd327c",
            "assign_ipv6_address_on_creation": false,
            "availability_zone": "eu-west-1b",
            "availability_zone_id": "euw1-az3",
            "cidr_block": "192.168.0.16/28",
            "customer_owned_ipv4_pool": "",
            "enable_dns64": false,
            "enable_lni_at_device_index": 0,
            "enable_resource_name_dns_a_record_on_launch": false,
            "enable_resource_name_dns_aaaa_record_on_launch": false,
            "id": "subnet-0582c4c9bcedd327c",
            "ipv6_cidr_block": "",
            "ipv6_cidr_block_association_id": "",
            "ipv6_native": false,
            "map_customer_owned_ip_on_launch": false,
            "map_public_ip_on_launch": false,
            "outpost_arn": "",
            "owner_id": "331472312345",
            "private_dns_hostname_type_on_launch": "ip-name",
            "tags": {},
            "tags_all": {},
            "timeouts": null,
            "vpc_id": "vpc-017933b15109392e6"
          },
          "sensitive_attributes": [],
          "private": "eyJlMmJmYjczMC1lY2FhLTExZTYtOGY4OC0zNDM2M2JjN2M0YzAiOnsiY3JlYXRlIjo2MDAwMDAwMDAwMDAsImRlbGV0ZSI6MTIwMDAwMDAwMDAwMH0sInNjaGVtYV92ZXJzaW9uIjoiMSJ9",
          "dependencies": [
            "aws_vpc.om-vpc",
            "data.aws_availability_zones.om-vpc-azs"
          ]
        },
        {
          "index_key": "eu-west-1c",
          "schema_version": 1,
          "attributes": {
            "arn": "arn:aws:ec2:eu-west-1:331472312345:subnet/subnet-06771ff5f50f43ef4",
            "assign_ipv6_address_on_creation": false,
            "availability_zone": "eu-west-1c",
            "availability_zone_id": "euw1-az1",
            "cidr_block": "192.168.0.32/28",
            "customer_owned_ipv4_pool": "",
            "enable_dns64": false,
            "enable_lni_at_device_index": 0,
            "enable_resource_name_dns_a_record_on_launch": false,
            "enable_resource_name_dns_aaaa_record_on_launch": false,
            "id": "subnet-06771ff5f50f43ef4",
            "ipv6_cidr_block": "",
            "ipv6_cidr_block_association_id": "",
            "ipv6_native": false,
            "map_customer_owned_ip_on_launch": false,
            "map_public_ip_on_launch": false,
            "outpost_arn": "",
            "owner_id": "331472312345",
            "private_dns_hostname_type_on_launch": "ip-name",
            "tags": {},
            "tags_all": {},
            "timeouts": null,
            "vpc_id": "vpc-017933b15109392e6"
          },
          "sensitive_attributes": [],
          "private": "eyJlMmJmYjczMC1lY2FhLTExZTYtOGY4OC0zNDM2M2JjN2M0YzAiOnsiY3JlYXRlIjo2MDAwMDAwMDAwMDAsImRlbGV0ZSI6MTIwMDAwMDAwMDAwMH0sInNjaGVtYV92ZXJzaW9uIjoiMSJ9",
          "dependencies": [
            "aws_vpc.om-vpc",
            "data.aws_availability_zones.om-vpc-azs"
          ]
        }
      ]
    },
    {
      "mode": "managed",
      "type": "aws_vpc",
      "name": "om-vpc",
      "provider": "provider[\"registry.terraform.io/hashicorp/aws\"].provider",
      "instances": [
        {
          "schema_version": 1,
          "attributes": {
            "arn": "arn:aws:ec2:eu-west-1:331472312345:vpc/vpc-017933b15109392e6",
            "assign_generated_ipv6_cidr_block": false,
            "cidr_block": "192.168.0.0/20",
            "default_network_acl_id": "acl-0b4126e3cef437034",
            "default_route_table_id": "rtb-03d4be1346792adec",
            "default_security_group_id": "sg-032d84eee6d385ad7",
            "dhcp_options_id": "dopt-85cc43e0",
            "enable_dns_hostnames": true,
            "enable_dns_support": true,
            "enable_network_address_usage_metrics": false,
            "id": "vpc-017933b15109392e6",
            "instance_tenancy": "default",
            "ipv4_ipam_pool_id": null,
            "ipv4_netmask_length": null,
            "ipv6_association_id": "",
            "ipv6_cidr_block": "",
            "ipv6_cidr_block_network_border_group": "",
            "ipv6_ipam_pool_id": "",
            "ipv6_netmask_length": 0,
            "main_route_table_id": "rtb-03d4be1346792adec",
            "owner_id": "331472312345",
            "tags": {
              "Name": "tf-om-vpc"
            },
            "tags_all": {
              "Name": "tf-om-vpc"
            }
          },
          "sensitive_attributes": [],
          "private": "eyJzY2hlbWFfdmVyc2lvbiI6IjEifQ=="
        }
      ]
    },
    {
      "mode": "managed",
      "type": "local_file",
      "name": "ansible-inventory",
      "provider": "provider[\"registry.terraform.io/hashicorp/local\"]",
      "instances": [
        {
          "schema_version": 0,
          "attributes": {
            "content": "om0 ansible_host=arextf-om-node-0.mdbrecruit.net ansible_port=22 ansible_user=ubuntu ansible_connection=ssh hostname=extf-om-node-0.mdbrecruit.net\nom1 ansible_host=arextf-om-node-1.mdbrecruit.net ansible_port=22 ansible_user=ubuntu ansible_connection=ssh hostname=extf-om-node-1.mdbrecruit.net\nom2 ansible_host=arextf-om-node-2.mdbrecruit.net ansible_port=22 ansible_user=ubuntu ansible_connection=ssh hostname=extf-om-node-2.mdbrecruit.net\nomlb ansible_host=arextf-lb-node.mdbrecruit.net ansible_port=22 ansible_user=ubuntu ansible_connection=ssh hostname=artf-lb-node.mdbrecruit.net\n\n[om_servers]\nom0\nom1\nom2\n\n[om_servers:vars]\nappdb_rs_primary=artf-om-node-0.mdbrecruit.net \nappdb_rs_secondary1=artf-om-node-1.mdbrecruit.net \nappdb_rs_secondary2=artf-om-node-2.mdbrecruit.net \nopsman_deb=https://downloads.mongodb.com/on-prem-mms/deb/mongodb-mms-6.0.14.100.20230530T1837Z.amd64.deb\n\n[om_lb_servers]\nomlb\n\n[om_lb_servers:vars]\nom_app_server_1=artf-om-node-0.mdbrecruit.net\n \n\nom_app_server_2=artf-om-node-1.mdbrecruit.net \n\n \n\n\n",
            "content_base64": null,
            "content_base64sha256": "iEFvTL9NEbqH0kdbM6na6/8f9T5rN0yfTNhCLDgzS20=",
            "content_base64sha512": "7VxNi1Ls5LA8yrZc5/BeRSzJKksxTcKMJ1gexs80+vXtnuvwyTsaB85pbw49oCUUazv3aygLq03zQh6iOG1H+g==",
            "content_md5": "e56fac16ad93c373887c731e33f5c6f3",
            "content_sha1": "c22ec2799b5f7ed15461732fd3a7b0fa59c8000e",
            "content_sha256": "88416f4cbf4d11ba87d2475b33a9daebff1ff53e6b374c9f4cd8422c38334b6d",
            "content_sha512": "ed5c4d8b52ece4b03ccab65ce7f05e452cc92a4b314dc28c27581ec6cf34faf5ed9eebf0c93b1a07ce696f0e3da025146b3bf76b280bab4df3421ea2386d47fa",
            "directory_permission": "0777",
            "file_permission": "0777",
            "filename": "./ansible/ansible_inventory",
            "id": "c22ec2799b5f7ed15461732fd3a7b0fa59c8000e",
            "sensitive_content": null,
            "source": null
          },
          "sensitive_attributes": [],
          "dependencies": [
            "aws_instance.lb-node",
            "aws_instance.om-node",
            "aws_route53_record.lb-node-private-dns-record",
            "aws_route53_record.lb-node-public-dns-record",
            "aws_route53_record.om-node-private-dns-record",
            "aws_route53_record.om-node-public-dns-record",
            "aws_security_group.om-sec-grp",
            "aws_subnet.om-vpc-subnet",
            "aws_vpc.om-vpc",
            "data.aws_ami.om-ami",
            "data.aws_availability_zones.om-vpc-azs",
            "data.aws_key_pair.om-key-pair",
            "data.aws_route53_zone.selected"
          ]
        }
      ]
    },
    {
      "mode": "managed",
      "type": "null_resource",
      "name": "execute-ansible-playbook",
      "provider": "provider[\"registry.terraform.io/hashicorp/null\"]",
      "instances": [
        {
          "status": "tainted",
          "schema_version": 0,
          "attributes": {
            "id": "4384712411240137132",
            "triggers": null
          },
          "sensitive_attributes": [],
          "dependencies": [
            "local_file.ansible-inventory"
          ]
        }
      ]
    }
  ],
  "check_results": null
}
